// !$*UTF8*$!
{
	archiveVersion = 1;
	classes = {
	};
	objectVersion = 46;
	objects = {

/* Begin PBXBuildFile section */
		DFE76EBE1CC08A14000F277F /* main.m in Sources */ = {isa = PBXBuildFile; fileRef = DFE76EBD1CC08A14000F277F /* main.m */; };
		DFE76EC11CC08A14000F277F /* AppDelegate.m in Sources */ = {isa = PBXBuildFile; fileRef = DFE76EC01CC08A14000F277F /* AppDelegate.m */; };
		DFE76EC41CC08A14000F277F /* ViewController.m in Sources */ = {isa = PBXBuildFile; fileRef = DFE76EC31CC08A14000F277F /* ViewController.m */; };
		DFE76EC71CC08A14000F277F /* Main.storyboard in Resources */ = {isa = PBXBuildFile; fileRef = DFE76EC51CC08A14000F277F /* Main.storyboard */; };
		DFE76EC91CC08A14000F277F /* Assets.xcassets in Resources */ = {isa = PBXBuildFile; fileRef = DFE76EC81CC08A14000F277F /* Assets.xcassets */; };
		DFE76ECC1CC08A14000F277F /* LaunchScreen.storyboard in Resources */ = {isa = PBXBuildFile; fileRef = DFE76ECA1CC08A14000F277F /* LaunchScreen.storyboard */; };
		DFE76ED51CC08AAB000F277F /* Dog.m in Sources */ = {isa = PBXBuildFile; fileRef = DFE76ED41CC08AAB000F277F /* Dog.m */; };
/* End PBXBuildFile section */

/* Begin PBXFileReference section */
		DFE76EB91CC08A14000F277F /* helloWorld.app */ = {isa = PBXFileReference; explicitFileType = wrapper.application; includeInIndex = 0; path = helloWorld.app; sourceTree = BUILT_PRODUCTS_DIR; };
		DFE76EBD1CC08A14000F277F /* main.m */ = {isa = PBXFileReference; lastKnownFileType = sourcecode.c.objc; path = main.m; sourceTree = "<group>"; };
		DFE76EBF1CC08A14000F277F /* AppDelegate.h */ = {isa = PBXFileReference; lastKnownFileType = sourcecode.c.h; path = AppDelegate.h; sourceTree = "<group>"; };
		DFE76EC01CC08A14000F277F /* AppDelegate.m */ = {isa = PBXFileReference; lastKnownFileType = sourcecode.c.objc; path = AppDelegate.m; sourceTree = "<group>"; };
		DFE76EC21CC08A14000F277F /* ViewController.h */ = {isa = PBXFileReference; lastKnownFileType = sourcecode.c.h; path = ViewController.h; sourceTree = "<group>"; };
		DFE76EC31CC08A14000F277F /* ViewController.m */ = {isa = PBXFileReference; lastKnownFileType = sourcecode.c.objc; path = ViewController.m; sourceTree = "<group>"; };
		DFE76EC61CC08A14000F277F /* Base */ = {isa = PBXFileReference; lastKnownFileType = file.storyboard; name = Base; path = Base.lproj/Main.storyboard; sourceTree = "<group>"; };
		DFE76EC81CC08A14000F277F /* Assets.xcassets */ = {isa = PBXFileReference; lastKnownFileType = folder.assetcatalog; path = Assets.xcassets; sourceTree = "<group>"; };
		DFE76ECB1CC08A14000F277F /* Base */ = {isa = PBXFileReference; lastKnownFileType = file.storyboard; name = Base; path = Base.lproj/LaunchScreen.storyboard; sourceTree = "<group>"; };
		DFE76ECD1CC08A14000F277F /* Info.plist */ = {isa = PBXFileReference; lastKnownFileType = text.plist.xml; path = Info.plist; sourceTree = "<group>"; };
		DFE76ED31CC08AAB000F277F /* Dog.h */ = {isa = PBXFileReference; fileEncoding = 4; lastKnownFileType = sourcecode.c.h; path = Dog.h; sourceTree = "<group>"; };
		DFE76ED41CC08AAB000F277F /* Dog.m */ = {isa = PBXFileReference; fileEncoding = 4; lastKnownFileType = sourcecode.c.objc; path = Dog.m; sourceTree = "<group>"; };
/* End PBXFileReference section */

/* Begin PBXFrameworksBuildPhase section */
		DFE76EB61CC08A14000F277F /* Frameworks */ = {
			isa = PBXFrameworksBuildPhase;
			buildActionMask = 2147483647;
			files = (
			);
			runOnlyForDeploymentPostprocessing = 0;
		};
/* End PBXFrameworksBuildPhase section */

/* Begin PBXGroup section */
		DFE76EB01CC08A14000F277F = {
			isa = PBXGroup;
			children = (
				DFE76EBB1CC08A14000F277F /* helloWorld */,
				DFE76EBA1CC08A14000F277F /* Products */,
			);
			sourceTree = "<group>";
		};
		DFE76EBA1CC08A14000F277F /* Products */ = {
			isa = PBXGroup;
			children = (
				DFE76EB91CC08A14000F277F /* helloWorld.app */,
			);
			name = Products;
			sourceTree = "<group>";
		};
		DFE76EBB1CC08A14000F277F /* helloWorld */ = {
			isa = PBXGroup;
			children = (
				DFE76EBF1CC08A14000F277F /* AppDelegate.h */,
				DFE76EC01CC08A14000F277F /* AppDelegate.m */,
				DFE76EC21CC08A14000F277F /* ViewController.h */,
				DFE76EC31CC08A14000F277F /* ViewController.m */,
				DFE76ED31CC08AAB000F277F /* Dog.h */,
				DFE76ED41CC08AAB000F277F /* Dog.m */,
				DFE76EC51CC08A14000F277F /* Main.storyboard */,
				DFE76EC81CC08A14000F277F /* Assets.xcassets */,
				DFE76ECA1CC08A14000F277F /* LaunchScreen.storyboard */,
				DFE76ECD1CC08A14000F277F /* Info.plist */,
				DFE76EBC1CC08A14000F277F /* Supporting Files */,
			);
			path = helloWorld;
			sourceTree = "<group>";
		};
		DFE76EBC1CC08A14000F277F /* Supporting Files */ = {
			isa = PBXGroup;
			children = (
				DFE76EBD1CC08A14000F277F /* main.m */,
			);
			name = "Supporting Files";
			sourceTree = "<group>";
		};
/* End PBXGroup section */

/* Begin PBXNativeTarget section */
		DFE76EB81CC08A14000F277F /* helloWorld */ = {
			isa = PBXNativeTarget;
			buildConfigurationList = DFE76ED01CC08A14000F277F /* Build configuration list for PBXNativeTarget "helloWorld" */;
			buildPhases = (
				DFE76EB51CC08A14000F277F /* Sources */,
				DFE76EB61CC08A14000F277F /* Frameworks */,
				DFE76EB71CC08A14000F277F /* Resources */,
			);
			buildRules = (
			);
			dependencies = (
			);
			name = helloWorld;
			productName = helloWorld;
			productReference = DFE76EB91CC08A14000F277F /* helloWorld.app */;
			productType = "com.apple.product-type.application";
		};
/* End PBXNativeTarget section */

/* Begin PBXProject section */
		DFE76EB11CC08A14000F277F /* Project object */ = {
			isa = PBXProject;
			attributes = {
				LastUpgradeCheck = 0720;
				ORGANIZATIONNAME = zxj;
				TargetAttributes = {
					DFE76EB81CC08A14000F277F = {
						CreatedOnToolsVersion = 7.2;
					};
				};
			};
			buildConfigurationList = DFE76EB41CC08A14000F277F /* Build configuration list for PBXProject "helloWorld" */;
			compatibilityVersion = "Xcode 3.2";
			developmentRegion = English;
			hasScannedForEncodings = 0;
			knownRegions = (
				en,
				Base,
			);
			mainGroup = DFE76EB01CC08A14000F277F;
			productRefGroup = DFE76EBA1CC08A14000F277F /* Products */;
			projectDirPath = "";
			projectRoot = "";
			targets = (
				DFE76EB81CC08A14000F277F /* helloWorld */,
			);
		};
/* End PBXProject section */

/* Begin PBXResourcesBuildPhase section */
		DFE76EB71CC08A14000F277F /* Resources */ = {
			isa = PBXResourcesBuildPhase;
			buildActionMask = 2147483647;
			files = (
				DFE76ECC1CC08A14000F277F /* LaunchScreen.storyboard in Resources */,
				DFE76EC91CC08A14000F277F /* Assets.xcassets in Resources */,
				DFE76EC71CC08A14000F277F /* Main.storyboard in Resources */,
			);
			runOnlyForDeploymentPostprocessing = 0;
		};
/* End PBXResourcesBuildPhase section */

/* Begin PBXSourcesBuildPhase section */
		DFE76EB51CC08A14000F277F /* Sources */ = {
			isa = PBXSourcesBuildPhase;
			buildActionMask = 2147483647;
			files = (
				DFE76EC41CC08A14000F277F /* ViewController.m in Sources */,
				DFE76EC11CC08A14000F277F /* AppDelegate.m in Sources */,
				DFE76ED51CC08AAB000F277F /* Dog.m in Sources */,
				DFE76EBE1CC08A14000F277F /* main.m in Sources */,
			);
			runOnlyForDeploymentPostprocessing = 0;
		};
/* End PBXSourcesBuildPhase section */

/* Begin PBXVariantGroup section */
		DFE76EC51CC08A14000F277F /* Main.storyboard */ = {
			isa = PBXVariantGroup;
			children = (
				DFE76EC61CC08A14000F277F /* Base */,
			);
			name = Main.storyboard;
			sourceTree = "<group>";
		};
		DFE76ECA1CC08A14000F277F /* LaunchScreen.storyboard */ = {
			isa = PBXVariantGroup;
			children = (
				DFE76ECB1CC08A14000F277F /* Base */,
			);
			name = LaunchScreen.storyboard;
			sourceTree = "<group>";
		};
/* End PBXVariantGroup section */

/* Begin XCBuildConfiguration section */
		DFE76ECE1CC08A14000F277F /* Debug */ = {
			isa = XCBuildConfiguration;
			buildSettings = {
				ALWAYS_SEARCH_USER_PATHS = NO;
				CLANG_CXX_LANGUAGE_STANDARD = "gnu++0x";
				CLANG_CXX_LIBRARY = "libc++";
				CLANG_ENABLE_MODULES = YES;
				CLANG_ENABLE_OBJC_ARC = YES;
				CLANG_WARN_BOOL_CONVERSION = YES;
				CLANG_WARN_CONSTANT_CONVERSION = YES;
				CLANG_WARN_DIRECT_OBJC_ISA_USAGE = YES_ERROR;
				CLANG_WARN_EMPTY_BODY = YES;
				CLANG_WARN_ENUM_CONVERSION = YES;
				CLANG_WARN_INT_CONVERSION = YES;
				CLANG_WARN_OBJC_ROOT_CLASS = YES_ERROR;
				CLANG_WARN_UNREACHABLE_CODE = YES;
				CLANG_WARN__DUPLICATE_METHOD_MATCH = YES;
				"CODE_SIGN_IDENTITY[sdk=iphoneos*]" = "iPhone Developer";
				COPY_PHASE_STRIP = NO;
				DEBUG_INFORMATION_FORMAT = dwarf;
				ENABLE_STRICT_OBJC_MSGSEND = YES;
				ENABLE_TESTABILITY = YES;
				GCC_C_LANGUAGE_STANDARD = gnu99;
				GCC_DYNAMIC_NO_PIC = NO;
				GCC_NO_COMMON_BLOCKS = YES;
				GCC_OPTIMIZATION_LEVEL = 0;
				GCC_PREPROCESSOR_DEFINITIONS = (
					"DEBUG=1",
					"$(inherited)",
				);
				GCC_WARN_64_TO_32_BIT_CONVERSION = YES;
				GCC_WARN_ABOUT_RETURN_TYPE = YES_ERROR;
				GCC_WARN_UNDECLARED_SELECTOR = YES;
				GCC_WARN_UNINITIALIZED_AUTOS = YES_AGGRESSIVE;
				GCC_WARN_UNUSED_FUNCTION = YES;
				GCC_WARN_UNUSED_VARIABLE = YES;
				IPHONEOS_DEPLOYMENT_TARGET = 9.2;
				MTL_ENABLE_DEBUG_INFO = YES;
				ONLY_ACTIVE_ARCH = YES;
				SDKROOT = iphoneos;
			};
			name = Debug;
		};
		DFE76ECF1CC08A14000F277F /* Release */ = {
			isa = XCBuildConfiguration;
			buildSettings = {
				ALWAYS_SEARCH_USER_PATHS = NO;
				CLANG_CXX_LANGUAGE_STANDARD = "gnu++0x";
				CLANG_CXX_LIBRARY = "libc++";
				CLANG_ENABLE_MODULES = YES;
				CLANG_ENABLE_OBJC_ARC = YES;
				CLANG_WARN_BOOL_CONVERSION = YES;
				CLANG_WARN_CONSTANT_CONVERSION = YES;
				CLANG_WARN_DIRECT_OBJC_ISA_USAGE = YES_ERROR;
				CLANG_WARN_EMPTY_BODY = YES;
				CLANG_WARN_ENUM_CONVERSION = YES;
				CLANG_WARN_INT_CONVERSION = YES;
				CLANG_WARN_OBJC_ROOT_CLASS = YES_ERROR;
				CLANG_WARN_UNREACHABLE_CODE = YES;
				CLANG_WARN__DUPLICATE_METHOD_MATCH = YES;
				"CODE_SIGN_IDENTITY[sdk=iphoneos*]" = "iPhone Developer";
				COPY_PHASE_STRIP = NO;
				DEBUG_INFORMATION_FORMAT = "dwarf-with-dsym";
				ENABLE_NS_ASSERTIONS = NO;
				ENABLE_STRICT_OBJC_MSGSEND = YES;
				GCC_C_LANGUAGE_STANDARD = gnu99;
				GCC_NO_COMMON_BLOCKS = YES;
				GCC_WARN_64_TO_32_BIT_CONVERSION = YES;
				GCC_WARN_ABOUT_RETURN_TYPE = YES_ERROR;
				GCC_WARN_UNDECLARED_SELECTOR = YES;
				GCC_WARN_UNINITIALIZED_AUTOS = YES_AGGRESSIVE;
				GCC_WARN_UNUSED_FUNCTION = YES;
				GCC_WARN_UNUSED_VARIABLE = YES;
				IPHONEOS_DEPLOYMENT_TARGET = 9.2;
				MTL_ENABLE_DEBUG_INFO = NO;
				SDKROOT = iphoneos;
				VALIDATE_PRODUCT = YES;
			};
			name = Release;
		};
		DFE76ED11CC08A14000F277F /* Debug */ = {
			isa = XCBuildConfiguration;
			buildSettings = {
				ASSETCATALOG_COMPILER_APPICON_NAME = AppIcon;
				INFOPLIST_FILE = helloWorld/Info.plist;
				LD_RUNPATH_SEARCH_PATHS = "$(inherited) @executable_path/Frameworks";
				PRODUCT_BUNDLE_IDENTIFIER = com.520zxj.www.helloWorld;
				PRODUCT_NAME = "$(TARGET_NAME)";
			};
			name = Debug;
		};
		DFE76ED21CC08A14000F277F /* Release */ = {
			isa = XCBuildConfiguration;
			buildSettings = {
				ASSETCATALOG_COMPILER_APPICON_NAME = AppIcon;
				INFOPLIST_FILE = helloWorld/Info.plist;
				LD_RUNPATH_SEARCH_PATHS = "$(inherited) @executable_path/Frameworks";
				PRODUCT_BUNDLE_IDENTIFIER = com.520zxj.www.helloWorld;
				PRODUCT_NAME = "$(TARGET_NAME)";
			};
			name = Release;
		};
/* End XCBuildConfiguration section */

/* Begin XCConfigurationList section */
		DFE76EB41CC08A14000F277F /* Build configuration list for PBXProject "helloWorld" */ = {
			isa = XCConfigurationList;
			buildConfigurations = (
				DFE76ECE1CC08A14000F277F /* Debug */,
				DFE76ECF1CC08A14000F277F /* Release */,
			);
			defaultConfigurationIsVisible = 0;
			defaultConfigurationName = Release;
		};
		DFE76ED01CC08A14000F277F /* Build configuration list for PBXNativeTarget "helloWorld" */ = {
			isa = XCConfigurationList;
			buildConfigurations = (
				DFE76ED11CC08A14000F277F /* Debug */,
				DFE76ED21CC08A14000F277F /* Release */,
			);
			defaultConfigurationIsVisible = 0;
		};
/* End XCConfigurationList section */
	};
	rootObject = DFE76EB11CC08A14000F277F /* Project object */;
}
